<?xml version="1.0" encoding="utf-8"?>
<Project ToolsVersion="4.0" xmlns="http://schemas.microsoft.com/developer/msbuild/2003">
  <ItemGroup>
    <Filter Include="Events">
      <UniqueIdentifier>{bfc60b01-3251-4de9-98d4-1040681fb865}</UniqueIdentifier>
    </Filter>
    <Filter Include="Actions">
      <UniqueIdentifier>{8cc09cda-5075-4931-a6a1-20c845cac968}</UniqueIdentifier>
    </Filter>
    <Filter Include="Data">
      <UniqueIdentifier>{af29602e-ec98-415d-b9d0-71e29a5dd7f7}</UniqueIdentifier>
    </Filter>
    <Filter Include="Components">
      <UniqueIdentifier>{f4ada33c-97dc-49e9-b394-2af171837a43}</UniqueIdentifier>
    </Filter>
    <Filter Include="Data\Cards">
      <UniqueIdentifier>{aeee085a-9215-4b06-be00-362df45bd01d}</UniqueIdentifier>
    </Filter>
  </ItemGroup>
  <ItemGroup>
    <ClInclude Include="PinnedDownNet.h" />
    <ClInclude Include="Events\LoginSuccessEvent.h">
      <Filter>Events</Filter>
    </ClInclude>
    <ClInclude Include="Actions\EndTurnAction.h">
      <Filter>Actions</Filter>
    </ClInclude>
    <ClInclude Include="Events\CoveredDistanceChangedEvent.h">
      <Filter>Events</Filter>
    </ClInclude>
    <ClInclude Include="Data\TurnPhase.h">
      <Filter>Data</Filter>
    </ClInclude>
    <ClInclude Include="Events\TurnPhaseChangedEvent.h">
      <Filter>Events</Filter>
    </ClInclude>
    <ClInclude Include="Events\VictoryEvent.h">
      <Filter>Events</Filter>
    </ClInclude>
    <ClInclude Include="PinnedDownAzure.h" />
    <ClInclude Include="Components\CardComponent.h">
      <Filter>Components</Filter>
    </ClInclude>
    <ClInclude Include="Data\CardType.h">
      <Filter>Data</Filter>
    </ClInclude>
    <ClInclude Include="Components\ThreatComponent.h">
      <Filter>Components</Filter>
    </ClInclude>
    <ClInclude Include="Data\Affiliation.h">
      <Filter>Data</Filter>
    </ClInclude>
    <ClInclude Include="Components\AffiliationComponent.h">
      <Filter>Components</Filter>
    </ClInclude>
    <ClInclude Include="Components\PowerComponent.h">
      <Filter>Components</Filter>
    </ClInclude>
    <ClInclude Include="Data\CardFactory.h">
      <Filter>Data</Filter>
    </ClInclude>
    <ClInclude Include="Data\CardSet.h">
      <Filter>Data</Filter>
    </ClInclude>
    <ClInclude Include="Data\Cards\CardSetPremiere.h">
      <Filter>Data\Cards</Filter>
    </ClInclude>
    <ClInclude Include="Events\CardCreatedEvent.h">
      <Filter>Events</Filter>
    </ClInclude>
    <ClInclude Include="Events\CardRemovedEvent.h">
      <Filter>Events</Filter>
    </ClInclude>
    <ClInclude Include="Events\DefeatEvent.h">
      <Filter>Events</Filter>
    </ClInclude>
    <ClInclude Include="Components\FlagshipComponent.h">
      <Filter>Components</Filter>
    </ClInclude>
    <ClInclude Include="Events\ThreatChangedEvent.h">
      <Filter>Events</Filter>
    </ClInclude>
    <ClInclude Include="Events\PlayerAddedEvent.h">
      <Filter>Events</Filter>
    </ClInclude>
    <ClInclude Include="Data\PlayerFactory.h">
      <Filter>Data</Filter>
    </ClInclude>
    <ClInclude Include="Components\PlayerComponent.h">
      <Filter>Components</Filter>
    </ClInclude>
    <ClInclude Include="Components\OwnerComponent.h">
      <Filter>Components</Filter>
    </ClInclude>
    <ClInclude Include="Events\CardAssignedEvent.h">
      <Filter>Events</Filter>
    </ClInclude>
    <ClInclude Include="Actions\AssignCardAction.h">
      <Filter>Actions</Filter>
    </ClInclude>
    <ClInclude Include="Actions\ResolveFightAction.h">
      <Filter>Actions</Filter>
    </ClInclude>
    <ClInclude Include="Events\FightResolvedEvent.h">
      <Filter>Events</Filter>
    </ClInclude>
    <ClInclude Include="Events\ShipDamagedEvent.h">
      <Filter>Events</Filter>
    </ClInclude>
    <ClInclude Include="Components\StructureComponent.h">
      <Filter>Components</Filter>
    </ClInclude>
    <ClInclude Include="Events\ErrorMessageEvent.h">
      <Filter>Events</Filter>
    </ClInclude>
    <ClInclude Include="Components\CardStateComponent.h">
      <Filter>Components</Filter>
    </ClInclude>
    <ClInclude Include="Data\CardState.h">
      <Filter>Data</Filter>
    </ClInclude>
    <ClInclude Include="Events\CardStateChangedEvent.h">
      <Filter>Events</Filter>
    </ClInclude>
    <ClInclude Include="Actions\PlayCardAction.h">
      <Filter>Actions</Filter>
    </ClInclude>
    <ClInclude Include="Components\ConditionalPowerComponent.h">
      <Filter>Components</Filter>
    </ClInclude>
    <ClInclude Include="Components\ConditionNotDamagedComponent.h">
      <Filter>Components</Filter>
    </ClInclude>
    <ClInclude Include="Events\PowerChangedEvent.h">
      <Filter>Events</Filter>
    </ClInclude>
    <ClInclude Include="Events\CardUnassignedEvent.h">
      <Filter>Events</Filter>
    </ClInclude>
  </ItemGroup>
  <ItemGroup>
    <ClCompile Include="PinnedDownNet.cpp" />
    <ClCompile Include="Events\LoginSuccessEvent.cpp">
      <Filter>Events</Filter>
    </ClCompile>
    <ClCompile Include="Actions\EndTurnAction.cpp">
      <Filter>Actions</Filter>
    </ClCompile>
    <ClCompile Include="Events\CoveredDistanceChangedEvent.cpp">
      <Filter>Events</Filter>
    </ClCompile>
    <ClCompile Include="Events\TurnPhaseChangedEvent.cpp">
      <Filter>Events</Filter>
    </ClCompile>
    <ClCompile Include="Events\VictoryEvent.cpp">
      <Filter>Events</Filter>
    </ClCompile>
    <ClCompile Include="Components\AffiliationComponent.cpp">
      <Filter>Components</Filter>
    </ClCompile>
    <ClCompile Include="Components\CardComponent.cpp">
      <Filter>Components</Filter>
    </ClCompile>
    <ClCompile Include="Components\PowerComponent.cpp">
      <Filter>Components</Filter>
    </ClCompile>
    <ClCompile Include="Components\ThreatComponent.cpp">
      <Filter>Components</Filter>
    </ClCompile>
    <ClCompile Include="Data\CardFactory.cpp">
      <Filter>Data</Filter>
    </ClCompile>
    <ClCompile Include="Data\Cards\CardSetPremiere.cpp">
      <Filter>Data\Cards</Filter>
    </ClCompile>
    <ClCompile Include="Events\CardCreatedEvent.cpp">
      <Filter>Events</Filter>
    </ClCompile>
    <ClCompile Include="Events\CardRemovedEvent.cpp">
      <Filter>Events</Filter>
    </ClCompile>
    <ClCompile Include="Events\DefeatEvent.cpp">
      <Filter>Events</Filter>
    </ClCompile>
    <ClCompile Include="Components\FlagshipComponent.cpp">
      <Filter>Components</Filter>
    </ClCompile>
    <ClCompile Include="Events\ThreatChangedEvent.cpp">
      <Filter>Events</Filter>
    </ClCompile>
    <ClCompile Include="Events\PlayerAddedEvent.cpp">
      <Filter>Events</Filter>
    </ClCompile>
    <ClCompile Include="Data\PlayerFactory.cpp">
      <Filter>Data</Filter>
    </ClCompile>
    <ClCompile Include="Components\PlayerComponent.cpp">
      <Filter>Components</Filter>
    </ClCompile>
    <ClCompile Include="Components\OwnerComponent.cpp">
      <Filter>Components</Filter>
    </ClCompile>
    <ClCompile Include="Actions\AssignCardAction.cpp">
      <Filter>Actions</Filter>
    </ClCompile>
    <ClCompile Include="Events\CardAssignedEvent.cpp">
      <Filter>Events</Filter>
    </ClCompile>
    <ClCompile Include="Actions\ResolveFightAction.cpp">
      <Filter>Actions</Filter>
    </ClCompile>
    <ClCompile Include="Events\FightResolvedEvent.cpp">
      <Filter>Events</Filter>
    </ClCompile>
    <ClCompile Include="Events\ShipDamagedEvent.cpp">
      <Filter>Events</Filter>
    </ClCompile>
    <ClCompile Include="Components\StructureComponent.cpp">
      <Filter>Components</Filter>
    </ClCompile>
    <ClCompile Include="Events\ErrorMessageEvent.cpp">
      <Filter>Events</Filter>
    </ClCompile>
    <ClCompile Include="Components\CardStateComponent.cpp">
      <Filter>Components</Filter>
    </ClCompile>
    <ClCompile Include="Events\CardStateChangedEvent.cpp">
      <Filter>Events</Filter>
    </ClCompile>
    <ClCompile Include="Actions\PlayCardAction.cpp">
      <Filter>Actions</Filter>
    </ClCompile>
    <ClCompile Include="Components\ConditionalPowerComponent.cpp">
      <Filter>Components</Filter>
    </ClCompile>
    <ClCompile Include="Components\ConditionNotDamagedComponent.cpp">
      <Filter>Components</Filter>
    </ClCompile>
    <ClCompile Include="Events\PowerChangedEvent.cpp">
      <Filter>Events</Filter>
    </ClCompile>
    <ClCompile Include="Events\CardUnassignedEvent.cpp">
      <Filter>Events</Filter>
    </ClCompile>
  </ItemGroup>
</Project>